
Microsoft Visual Studio Solution File, Format Version 12.00
# Visual Studio Version 16
VisualStudioVersion = 16.0.32802.440
MinimumVisualStudioVersion = 10.0.40219.1
Project("{FAE04EC0-301F-11D3-BF4B-00C04F79EFBC}") = "PacManv1", "PacManv1\PacManv1.csproj", "{6E804314-DEB4-457C-BC17-C992C491C8F9}"
EndProject
Global
	GlobalSection(SolutionConfigurationPlatforms) = preSolution
		Debug|Any CPU = Debug|Any CPU
		Release|Any CPU = Release|Any CPU
	EndGlobalSection
	GlobalSection(ProjectConfigurationPlatforms) = postSolution
		{6E804314-DEB4-457C-BC17-C992C491C8F9}.Debug|Any CPU.ActiveCfg = Debug|Any CPU
		{6E804314-DEB4-457C-BC17-C992C491C8F9}.Debug|Any CPU.Build.0 = Debug|Any CPU
		{6E804314-DEB4-457C-BC17-C992C491C8F9}.Release|Any CPU.ActiveCfg = Release|Any CPU
		{6E804314-DEB4-457C-BC17-C992C491C8F9}.Release|Any CPU.Build.0 = Release|Any CPU
	EndGlobalSection
	GlobalSection(SolutionProperties) = preSolution
		HideSolutionNode = FALSE
	EndGlobalSection
	GlobalSection(ExtensibilityGlobals) = postSolution
		SolutionGuid = {36AFA030-5416-44B5-8251-EAE153423A61}
	EndGlobalSection
EndGlobal
